
Microsoft Visual Studio Solution File, Format Version 12.00
Project("{FAE04EC0-301F-11D3-BF4B-00C04F79EFBC}") = "ParallelMatrixMultiplication", "ParallelMatrixMultiplication\ParallelMatrixMultiplication.csproj", "{795E88EF-60E8-4858-B963-A8D78A56C80E}"
EndProject
Global
	GlobalSection(SolutionConfigurationPlatforms) = preSolution
		Debug|Any CPU = Debug|Any CPU
		Release|Any CPU = Release|Any CPU
	EndGlobalSection
	GlobalSection(ProjectConfigurationPlatforms) = postSolution
		{795E88EF-60E8-4858-B963-A8D78A56C80E}.Debug|Any CPU.ActiveCfg = Debug|Any CPU
		{795E88EF-60E8-4858-B963-A8D78A56C80E}.Debug|Any CPU.Build.0 = Debug|Any CPU
		{795E88EF-60E8-4858-B963-A8D78A56C80E}.Release|Any CPU.ActiveCfg = Release|Any CPU
		{795E88EF-60E8-4858-B963-A8D78A56C80E}.Release|Any CPU.Build.0 = Release|Any CPU
	EndGlobalSection
EndGlobal
